
Microsoft Visual Studio Solution File, Format Version 12.00
# Visual Studio 14
VisualStudioVersion = 14.0.25123.0
MinimumVisualStudioVersion = 10.0.40219.1
Project("{CC5FD16D-436D-48AD-A40C-5A424C6E3E79}") = "MyRedPill", "MyRedPill\MyRedPill.ccproj", "{679AB04C-368C-4BD8-8EE3-5CFBC0BAD29D}"
EndProject
Project("{FAE04EC0-301F-11D3-BF4B-00C04F79EFBC}") = "MyRedPillWebRole", "MyRedPillWebRole\MyRedPillWebRole.csproj", "{D1E455C2-121C-4C43-8B70-4BF5CFD0A5A8}"
EndProject
Project("{FAE04EC0-301F-11D3-BF4B-00C04F79EFBC}") = "RedPillTests", "MyRedPillTests\RedPillTests.csproj", "{869858C4-4B55-429E-B1D0-32A8371191E6}"
EndProject
Project("{FAE04EC0-301F-11D3-BF4B-00C04F79EFBC}") = "RedPillContract", "RedPillContract\RedPillContract.csproj", "{F5469378-8970-48A2-B3DB-29BD77B9FE90}"
EndProject
Global
	GlobalSection(SolutionConfigurationPlatforms) = preSolution
		Debug|Any CPU = Debug|Any CPU
		Release|Any CPU = Release|Any CPU
	EndGlobalSection
	GlobalSection(ProjectConfigurationPlatforms) = postSolution
		{679AB04C-368C-4BD8-8EE3-5CFBC0BAD29D}.Debug|Any CPU.ActiveCfg = Debug|Any CPU
		{679AB04C-368C-4BD8-8EE3-5CFBC0BAD29D}.Debug|Any CPU.Build.0 = Debug|Any CPU
		{679AB04C-368C-4BD8-8EE3-5CFBC0BAD29D}.Release|Any CPU.ActiveCfg = Release|Any CPU
		{679AB04C-368C-4BD8-8EE3-5CFBC0BAD29D}.Release|Any CPU.Build.0 = Release|Any CPU
		{D1E455C2-121C-4C43-8B70-4BF5CFD0A5A8}.Debug|Any CPU.ActiveCfg = Debug|Any CPU
		{D1E455C2-121C-4C43-8B70-4BF5CFD0A5A8}.Debug|Any CPU.Build.0 = Debug|Any CPU
		{D1E455C2-121C-4C43-8B70-4BF5CFD0A5A8}.Release|Any CPU.ActiveCfg = Release|Any CPU
		{D1E455C2-121C-4C43-8B70-4BF5CFD0A5A8}.Release|Any CPU.Build.0 = Release|Any CPU
		{869858C4-4B55-429E-B1D0-32A8371191E6}.Debug|Any CPU.ActiveCfg = Debug|Any CPU
		{869858C4-4B55-429E-B1D0-32A8371191E6}.Debug|Any CPU.Build.0 = Debug|Any CPU
		{869858C4-4B55-429E-B1D0-32A8371191E6}.Release|Any CPU.ActiveCfg = Release|Any CPU
		{869858C4-4B55-429E-B1D0-32A8371191E6}.Release|Any CPU.Build.0 = Release|Any CPU
		{F5469378-8970-48A2-B3DB-29BD77B9FE90}.Debug|Any CPU.ActiveCfg = Debug|Any CPU
		{F5469378-8970-48A2-B3DB-29BD77B9FE90}.Debug|Any CPU.Build.0 = Debug|Any CPU
		{F5469378-8970-48A2-B3DB-29BD77B9FE90}.Release|Any CPU.ActiveCfg = Release|Any CPU
		{F5469378-8970-48A2-B3DB-29BD77B9FE90}.Release|Any CPU.Build.0 = Release|Any CPU
	EndGlobalSection
	GlobalSection(SolutionProperties) = preSolution
		HideSolutionNode = FALSE
	EndGlobalSection
EndGlobal
